// !$*UTF8*$!
{
	archiveVersion = 1;
	classes = {
	};
	objectVersion = 48;
	objects = {

/* Begin PBXBuildFile section */
		A000F8171F4DDD5200C8D6DA /* AppDelegate.swift in Sources */ = {isa = PBXBuildFile; fileRef = A000F8161F4DDD5200C8D6DA /* AppDelegate.swift */; };
		A000F8191F4DDD5200C8D6DA /* art.scnassets in Resources */ = {isa = PBXBuildFile; fileRef = A000F8181F4DDD5200C8D6DA /* art.scnassets */; };
		A000F81B1F4DDD5200C8D6DA /* GameViewController.swift in Sources */ = {isa = PBXBuildFile; fileRef = A000F81A1F4DDD5200C8D6DA /* GameViewController.swift */; };
		A000F81E1F4DDD5200C8D6DA /* Main.storyboard in Resources */ = {isa = PBXBuildFile; fileRef = A000F81C1F4DDD5200C8D6DA /* Main.storyboard */; };
		A000F8201F4DDD5200C8D6DA /* Assets.xcassets in Resources */ = {isa = PBXBuildFile; fileRef = A000F81F1F4DDD5200C8D6DA /* Assets.xcassets */; };
		A000F8231F4DDD5200C8D6DA /* LaunchScreen.storyboard in Resources */ = {isa = PBXBuildFile; fileRef = A000F8211F4DDD5200C8D6DA /* LaunchScreen.storyboard */; };
		A000F82B1F4DF6EB00C8D6DA /* ShipScene.swift in Sources */ = {isa = PBXBuildFile; fileRef = A000F82A1F4DF6EB00C8D6DA /* ShipScene.swift */; };
		A000F82D1F4DF7A400C8D6DA /* Cube.swift in Sources */ = {isa = PBXBuildFile; fileRef = A000F82C1F4DF7A400C8D6DA /* Cube.swift */; };
/* End PBXBuildFile section */

/* Begin PBXFileReference section */
		A000F8131F4DDD5200C8D6DA /* Blocks.app */ = {isa = PBXFileReference; explicitFileType = wrapper.application; includeInIndex = 0; path = Blocks.app; sourceTree = BUILT_PRODUCTS_DIR; };
		A000F8161F4DDD5200C8D6DA /* AppDelegate.swift */ = {isa = PBXFileReference; lastKnownFileType = sourcecode.swift; path = AppDelegate.swift; sourceTree = "<group>"; };
		A000F8181F4DDD5200C8D6DA /* art.scnassets */ = {isa = PBXFileReference; lastKnownFileType = wrapper.scnassets; path = art.scnassets; sourceTree = "<group>"; };
		A000F81A1F4DDD5200C8D6DA /* GameViewController.swift */ = {isa = PBXFileReference; lastKnownFileType = sourcecode.swift; path = GameViewController.swift; sourceTree = "<group>"; };
		A000F81D1F4DDD5200C8D6DA /* Base */ = {isa = PBXFileReference; lastKnownFileType = file.storyboard; name = Base; path = Base.lproj/Main.storyboard; sourceTree = "<group>"; };
		A000F81F1F4DDD5200C8D6DA /* Assets.xcassets */ = {isa = PBXFileReference; lastKnownFileType = folder.assetcatalog; path = Assets.xcassets; sourceTree = "<group>"; };
		A000F8221F4DDD5200C8D6DA /* Base */ = {isa = PBXFileReference; lastKnownFileType = file.storyboard; name = Base; path = Base.lproj/LaunchScreen.storyboard; sourceTree = "<group>"; };
		A000F8241F4DDD5200C8D6DA /* Info.plist */ = {isa = PBXFileReference; lastKnownFileType = text.plist.xml; path = Info.plist; sourceTree = "<group>"; };
		A000F82A1F4DF6EB00C8D6DA /* ShipScene.swift */ = {isa = PBXFileReference; lastKnownFileType = sourcecode.swift; path = ShipScene.swift; sourceTree = "<group>"; };
		A000F82C1F4DF7A400C8D6DA /* Cube.swift */ = {isa = PBXFileReference; lastKnownFileType = sourcecode.swift; path = Cube.swift; sourceTree = "<group>"; };
/* End PBXFileReference section */

/* Begin PBXFrameworksBuildPhase section */
		A000F8101F4DDD5200C8D6DA /* Frameworks */ = {
			isa = PBXFrameworksBuildPhase;
			buildActionMask = 2147483647;
			files = (
			);
			runOnlyForDeploymentPostprocessing = 0;
		};
/* End PBXFrameworksBuildPhase section */

/* Begin PBXGroup section */
		A000F80A1F4DDD5200C8D6DA = {
			isa = PBXGroup;
			children = (
				A000F8151F4DDD5200C8D6DA /* Blocks */,
				A000F8141F4DDD5200C8D6DA /* Products */,
			);
			sourceTree = "<group>";
		};
		A000F8141F4DDD5200C8D6DA /* Products */ = {
			isa = PBXGroup;
			children = (
				A000F8131F4DDD5200C8D6DA /* Blocks.app */,
			);
			name = Products;
			sourceTree = "<group>";
		};
		A000F8151F4DDD5200C8D6DA /* Blocks */ = {
			isa = PBXGroup;
			children = (
				A000F8161F4DDD5200C8D6DA /* AppDelegate.swift */,
				A000F8181F4DDD5200C8D6DA /* art.scnassets */,
				A000F81A1F4DDD5200C8D6DA /* GameViewController.swift */,
				A000F82A1F4DF6EB00C8D6DA /* ShipScene.swift */,
				A000F82C1F4DF7A400C8D6DA /* Cube.swift */,
				A000F81C1F4DDD5200C8D6DA /* Main.storyboard */,
				A000F81F1F4DDD5200C8D6DA /* Assets.xcassets */,
				A000F8211F4DDD5200C8D6DA /* LaunchScreen.storyboard */,
				A000F8241F4DDD5200C8D6DA /* Info.plist */,
			);
			path = Blocks;
			sourceTree = "<group>";
		};
/* End PBXGroup section */

/* Begin PBXNativeTarget section */
		A000F8121F4DDD5200C8D6DA /* Blocks */ = {
			isa = PBXNativeTarget;
			buildConfigurationList = A000F8271F4DDD5200C8D6DA /* Build configuration list for PBXNativeTarget "Blocks" */;
			buildPhases = (
				A000F80F1F4DDD5200C8D6DA /* Sources */,
				A000F8101F4DDD5200C8D6DA /* Frameworks */,
				A000F8111F4DDD5200C8D6DA /* Resources */,
			);
			buildRules = (
			);
			dependencies = (
			);
			name = Blocks;
			productName = Blocks;
			productReference = A000F8131F4DDD5200C8D6DA /* Blocks.app */;
			productType = "com.apple.product-type.application";
		};
/* End PBXNativeTarget section */

/* Begin PBXProject section */
		A000F80B1F4DDD5200C8D6DA /* Project object */ = {
			isa = PBXProject;
			attributes = {
				LastSwiftUpdateCheck = 0900;
				LastUpgradeCheck = 0900;
				ORGANIZATIONNAME = "Lucas Casteletti";
				TargetAttributes = {
					A000F8121F4DDD5200C8D6DA = {
						CreatedOnToolsVersion = 9.0;
						ProvisioningStyle = Automatic;
					};
				};
			};
			buildConfigurationList = A000F80E1F4DDD5200C8D6DA /* Build configuration list for PBXProject "Blocks" */;
			compatibilityVersion = "Xcode 8.0";
			developmentRegion = en;
			hasScannedForEncodings = 0;
			knownRegions = (
				en,
				Base,
			);
			mainGroup = A000F80A1F4DDD5200C8D6DA;
			productRefGroup = A000F8141F4DDD5200C8D6DA /* Products */;
			projectDirPath = "";
			projectRoot = "";
			targets = (
				A000F8121F4DDD5200C8D6DA /* Blocks */,
			);
		};
/* End PBXProject section */

/* Begin PBXResourcesBuildPhase section */
		A000F8111F4DDD5200C8D6DA /* Resources */ = {
			isa = PBXResourcesBuildPhase;
			buildActionMask = 2147483647;
			files = (
				A000F8191F4DDD5200C8D6DA /* art.scnassets in Resources */,
				A000F8231F4DDD5200C8D6DA /* LaunchScreen.storyboard in Resources */,
				A000F8201F4DDD5200C8D6DA /* Assets.xcassets in Resources */,
				A000F81E1F4DDD5200C8D6DA /* Main.storyboard in Resources */,
			);
			runOnlyForDeploymentPostprocessing = 0;
		};
/* End PBXResourcesBuildPhase section */

/* Begin PBXSourcesBuildPhase section */
		A000F80F1F4DDD5200C8D6DA /* Sources */ = {
			isa = PBXSourcesBuildPhase;
			buildActionMask = 2147483647;
			files = (
				A000F82D1F4DF7A400C8D6DA /* Cube.swift in Sources */,
				A000F81B1F4DDD5200C8D6DA /* GameViewController.swift in Sources */,
				A000F82B1F4DF6EB00C8D6DA /* ShipScene.swift in Sources */,
				A000F8171F4DDD5200C8D6DA /* AppDelegate.swift in Sources */,
			);
			runOnlyForDeploymentPostprocessing = 0;
		};
/* End PBXSourcesBuildPhase section */

/* Begin PBXVariantGroup section */
		A000F81C1F4DDD5200C8D6DA /* Main.storyboard */ = {
			isa = PBXVariantGroup;
			children = (
				A000F81D1F4DDD5200C8D6DA /* Base */,
			);
			name = Main.storyboard;
			sourceTree = "<group>";
		};
		A000F8211F4DDD5200C8D6DA /* LaunchScreen.storyboard */ = {
			isa = PBXVariantGroup;
			children = (
				A000F8221F4DDD5200C8D6DA /* Base */,
			);
			name = LaunchScreen.storyboard;
			sourceTree = "<group>";
		};
/* End PBXVariantGroup section */

/* Begin XCBuildConfiguration section */
		A000F8251F4DDD5200C8D6DA /* Debug */ = {
			isa = XCBuildConfiguration;
			buildSettings = {
				ALWAYS_SEARCH_USER_PATHS = NO;
				CLANG_ANALYZER_NONNULL = YES;
				CLANG_ANALYZER_NUMBER_OBJECT_CONVERSION = YES_AGGRESSIVE;
				CLANG_CXX_LANGUAGE_STANDARD = "gnu++14";
				CLANG_CXX_LIBRARY = "libc++";
				CLANG_ENABLE_MODULES = YES;
				CLANG_ENABLE_OBJC_ARC = YES;
				CLANG_WARN_BLOCK_CAPTURE_AUTORELEASING = YES;
				CLANG_WARN_BOOL_CONVERSION = YES;
				CLANG_WARN_COMMA = YES;
				CLANG_WARN_CONSTANT_CONVERSION = YES;
				CLANG_WARN_DIRECT_OBJC_ISA_USAGE = YES_ERROR;
				CLANG_WARN_DOCUMENTATION_COMMENTS = YES;
				CLANG_WARN_EMPTY_BODY = YES;
				CLANG_WARN_ENUM_CONVERSION = YES;
				CLANG_WARN_INFINITE_RECURSION = YES;
				CLANG_WARN_INT_CONVERSION = YES;
				CLANG_WARN_NON_LITERAL_NULL_CONVERSION = YES;
				CLANG_WARN_OBJC_LITERAL_CONVERSION = YES;
				CLANG_WARN_OBJC_ROOT_CLASS = YES_ERROR;
				CLANG_WARN_RANGE_LOOP_ANALYSIS = YES;
				CLANG_WARN_STRICT_PROTOTYPES = YES;
				CLANG_WARN_SUSPICIOUS_MOVE = YES;
				CLANG_WARN_UNGUARDED_AVAILABILITY = YES_AGGRESSIVE;
				CLANG_WARN_UNREACHABLE_CODE = YES;
				CLANG_WARN__DUPLICATE_METHOD_MATCH = YES;
				CODE_SIGN_IDENTITY = "iPhone Developer";
				COPY_PHASE_STRIP = NO;
				DEBUG_INFORMATION_FORMAT = dwarf;
				ENABLE_STRICT_OBJC_MSGSEND = YES;
				ENABLE_TESTABILITY = YES;
				GCC_C_LANGUAGE_STANDARD = gnu11;
				GCC_DYNAMIC_NO_PIC = NO;
				GCC_NO_COMMON_BLOCKS = YES;
				GCC_OPTIMIZATION_LEVEL = 0;
				GCC_PREPROCESSOR_DEFINITIONS = (
					"DEBUG=1",
					"$(inherited)",
				);
				GCC_WARN_64_TO_32_BIT_CONVERSION = YES;
				GCC_WARN_ABOUT_RETURN_TYPE = YES_ERROR;
				GCC_WARN_UNDECLARED_SELECTOR = YES;
				GCC_WARN_UNINITIALIZED_AUTOS = YES_AGGRESSIVE;
				GCC_WARN_UNUSED_FUNCTION = YES;
				GCC_WARN_UNUSED_VARIABLE = YES;
				IPHONEOS_DEPLOYMENT_TARGET = 11.0;
				MTL_ENABLE_DEBUG_INFO = YES;
				ONLY_ACTIVE_ARCH = YES;
				SDKROOT = iphoneos;
				SWIFT_ACTIVE_COMPILATION_CONDITIONS = DEBUG;
				SWIFT_OPTIMIZATION_LEVEL = "-Onone";
			};
			name = Debug;
		};
		A000F8261F4DDD5200C8D6DA /* Release */ = {
			isa = XCBuildConfiguration;
			buildSettings = {
				ALWAYS_SEARCH_USER_PATHS = NO;
				CLANG_ANALYZER_NONNULL = YES;
				CLANG_ANALYZER_NUMBER_OBJECT_CONVERSION = YES_AGGRESSIVE;
				CLANG_CXX_LANGUAGE_STANDARD = "gnu++14";
				CLANG_CXX_LIBRARY = "libc++";
				CLANG_ENABLE_MODULES = YES;
				CLANG_ENABLE_OBJC_ARC = YES;
				CLANG_WARN_BLOCK_CAPTURE_AUTORELEASING = YES;
				CLANG_WARN_BOOL_CONVERSION = YES;
				CLANG_WARN_COMMA = YES;
				CLANG_WARN_CONSTANT_CONVERSION = YES;
				CLANG_WARN_DIRECT_OBJC_ISA_USAGE = YES_ERROR;
				CLANG_WARN_DOCUMENTATION_COMMENTS = YES;
				CLANG_WARN_EMPTY_BODY = YES;
				CLANG_WARN_ENUM_CONVERSION = YES;
				CLANG_WARN_INFINITE_RECURSION = YES;
				CLANG_WARN_INT_CONVERSION = YES;
				CLANG_WARN_NON_LITERAL_NULL_CONVERSION = YES;
				CLANG_WARN_OBJC_LITERAL_CONVERSION = YES;
				CLANG_WARN_OBJC_ROOT_CLASS = YES_ERROR;
				CLANG_WARN_RANGE_LOOP_ANALYSIS = YES;
				CLANG_WARN_STRICT_PROTOTYPES = YES;
				CLANG_WARN_SUSPICIOUS_MOVE = YES;
				CLANG_WARN_UNGUARDED_AVAILABILITY = YES_AGGRESSIVE;
				CLANG_WARN_UNREACHABLE_CODE = YES;
				CLANG_WARN__DUPLICATE_METHOD_MATCH = YES;
				CODE_SIGN_IDENTITY = "iPhone Developer";
				COPY_PHASE_STRIP = NO;
				DEBUG_INFORMATION_FORMAT = "dwarf-with-dsym";
				ENABLE_NS_ASSERTIONS = NO;
				ENABLE_STRICT_OBJC_MSGSEND = YES;
				GCC_C_LANGUAGE_STANDARD = gnu11;
				GCC_NO_COMMON_BLOCKS = YES;
				GCC_WARN_64_TO_32_BIT_CONVERSION = YES;
				GCC_WARN_ABOUT_RETURN_TYPE = YES_ERROR;
				GCC_WARN_UNDECLARED_SELECTOR = YES;
				GCC_WARN_UNINITIALIZED_AUTOS = YES_AGGRESSIVE;
				GCC_WARN_UNUSED_FUNCTION = YES;
				GCC_WARN_UNUSED_VARIABLE = YES;
				IPHONEOS_DEPLOYMENT_TARGET = 11.0;
				MTL_ENABLE_DEBUG_INFO = NO;
				SDKROOT = iphoneos;
				SWIFT_OPTIMIZATION_LEVEL = "-Owholemodule";
				VALIDATE_PRODUCT = YES;
			};
			name = Release;
		};
		A000F8281F4DDD5200C8D6DA /* Debug */ = {
			isa = XCBuildConfiguration;
			buildSettings = {
				ASSETCATALOG_COMPILER_APPICON_NAME = AppIcon;
				CODE_SIGN_STYLE = Automatic;
				DEVELOPMENT_TEAM = 34QJMY7W4A;
				INFOPLIST_FILE = Blocks/Info.plist;
				LD_RUNPATH_SEARCH_PATHS = "$(inherited) @executable_path/Frameworks";
				PRODUCT_BUNDLE_IDENTIFIER = co.not.work.Blocks;
				PRODUCT_NAME = "$(TARGET_NAME)";
				SWIFT_VERSION = 4.0;
				TARGETED_DEVICE_FAMILY = "1,2";
			};
			name = Debug;
		};
		A000F8291F4DDD5200C8D6DA /* Release */ = {
			isa = XCBuildConfiguration;
			buildSettings = {
				ASSETCATALOG_COMPILER_APPICON_NAME = AppIcon;
				CODE_SIGN_STYLE = Automatic;
				DEVELOPMENT_TEAM = 34QJMY7W4A;
				INFOPLIST_FILE = Blocks/Info.plist;
				LD_RUNPATH_SEARCH_PATHS = "$(inherited) @executable_path/Frameworks";
				PRODUCT_BUNDLE_IDENTIFIER = co.not.work.Blocks;
				PRODUCT_NAME = "$(TARGET_NAME)";
				SWIFT_VERSION = 4.0;
				TARGETED_DEVICE_FAMILY = "1,2";
			};
			name = Release;
		};
/* End XCBuildConfiguration section */

/* Begin XCConfigurationList section */
		A000F80E1F4DDD5200C8D6DA /* Build configuration list for PBXProject "Blocks" */ = {
			isa = XCConfigurationList;
			buildConfigurations = (
				A000F8251F4DDD5200C8D6DA /* Debug */,
				A000F8261F4DDD5200C8D6DA /* Release */,
			);
			defaultConfigurationIsVisible = 0;
			defaultConfigurationName = Release;
		};
		A000F8271F4DDD5200C8D6DA /* Build configuration list for PBXNativeTarget "Blocks" */ = {
			isa = XCConfigurationList;
			buildConfigurations = (
				A000F8281F4DDD5200C8D6DA /* Debug */,
				A000F8291F4DDD5200C8D6DA /* Release */,
			);
			defaultConfigurationIsVisible = 0;
			defaultConfigurationName = Release;
		};
/* End XCConfigurationList section */
	};
	rootObject = A000F80B1F4DDD5200C8D6DA /* Project object */;
}
